
Microsoft Visual Studio Solution File, Format Version 12.00
# Visual Studio Version 17
VisualStudioVersion = 17.8.34511.84
MinimumVisualStudioVersion = 10.0.40219.1
Project("{FAE04EC0-301F-11D3-BF4B-00C04F79EFBC}") = "MUSbookingTask", "MUSbookingTask.csproj", "{96747504-DE66-4710-97F7-48CC87CDECCB}"
EndProject
Global
	GlobalSection(SolutionConfigurationPlatforms) = preSolution
		Debug|Any CPU = Debug|Any CPU
		Release|Any CPU = Release|Any CPU
	EndGlobalSection
	GlobalSection(ProjectConfigurationPlatforms) = postSolution
		{96747504-DE66-4710-97F7-48CC87CDECCB}.Debug|Any CPU.ActiveCfg = Debug|Any CPU
		{96747504-DE66-4710-97F7-48CC87CDECCB}.Debug|Any CPU.Build.0 = Debug|Any CPU
		{96747504-DE66-4710-97F7-48CC87CDECCB}.Release|Any CPU.ActiveCfg = Release|Any CPU
		{96747504-DE66-4710-97F7-48CC87CDECCB}.Release|Any CPU.Build.0 = Release|Any CPU
	EndGlobalSection
	GlobalSection(SolutionProperties) = preSolution
		HideSolutionNode = FALSE
	EndGlobalSection
	GlobalSection(ExtensibilityGlobals) = postSolution
		SolutionGuid = {BD227F78-F946-4ED2-AE8B-A9D3C130673F}
	EndGlobalSection
EndGlobal
